<?xml version="1.0" encoding="utf-8"?>
<Project ToolsVersion="4.0" xmlns="http://schemas.microsoft.com/developer/msbuild/2003">
  <ItemGroup>
    <Filter Include="Source Files">
      <UniqueIdentifier>{f07adf38-2098-453f-8d56-5fd7870b32bf}</UniqueIdentifier>
      <Extensions>cpp;c;cxx;rc;def;r;odl;idl;hpj;bat</Extensions>
    </Filter>
    <Filter Include="Header Files">
      <UniqueIdentifier>{419982cf-cbf0-4e6e-98ab-cee6628f708c}</UniqueIdentifier>
      <Extensions>h;hpp;hxx;hm;inl</Extensions>
    </Filter>
    <Filter Include="Resource Files">
      <UniqueIdentifier>{abc7f3bc-b536-4cdf-8add-397a831cee11}</UniqueIdentifier>
      <Extensions>ico;cur;bmp;dlg;rc2;rct;bin;rgs;gif;jpg;jpeg;jpe</Extensions>
    </Filter>
  </ItemGroup>
  <ItemGroup>
    <ClCompile Include="..\dsp\chkreg.c">
      <Filter>Source Files</Filter>
    </ClCompile>
    <ClCompile Include="..\dsp\derror.c">
      <Filter>Source Files</Filter>
    </ClCompile>
    <ClCompile Include="..\dsp\disadbuf.c">
      <Filter>Source Files</Filter>
    </ClCompile>
    <ClCompile Include="..\dsp\dofft.c">
      <Filter>Source Files</Filter>
    </ClCompile>
    <ClCompile Include="..\dsp\etc.c">
      <Filter>Source Files</Filter>
    </ClCompile>
    <ClCompile Include="..\dsp\event.c">
      <Filter>Source Files</Filter>
    </ClCompile>
    <ClCompile Include="..\dsp\rdwrdram.c">
      <Filter>Source Files</Filter>
    </ClCompile>
    <ClCompile Include="..\dsp\savage.c">
      <Filter>Source Files</Filter>
    </ClCompile>
    <ClCompile Include="..\dsp\screen.c">
      <Filter>Source Files</Filter>
    </ClCompile>
    <ClCompile Include="..\dsp\tone_w.c">
      <Filter>Source Files</Filter>
    </ClCompile>
    <ClCompile Include="..\dsp\tstdsp.c">
      <Filter>Source Files</Filter>
    </ClCompile>
    <ClCompile Include="..\dsp\chkfit.c">
      <Filter>Header Files</Filter>
    </ClCompile>
  </ItemGroup>
  <ItemGroup>
    <ClInclude Include="..\dsp\bio.h">
      <Filter>Header Files</Filter>
    </ClInclude>
    <ClInclude Include="..\dsp\dsp.h">
      <Filter>Header Files</Filter>
    </ClInclude>
    <ClInclude Include="..\dsp\savage.h">
      <Filter>Header Files</Filter>
    </ClInclude>
    <ClInclude Include="..\dsp\screen.h">
      <Filter>Header Files</Filter>
    </ClInclude>
    <ClInclude Include="..\dsp\sio.h">
      <Filter>Header Files</Filter>
    </ClInclude>
    <ClInclude Include="..\dsp\tstdsp.h">
      <Filter>Header Files</Filter>
    </ClInclude>
  </ItemGroup>
</Project>