<?xml version="1.0" encoding="utf-8"?>
<Project ToolsVersion="4.0" xmlns="http://schemas.microsoft.com/developer/msbuild/2003">
  <ItemGroup>
    <Filter Include="Source Files">
      <UniqueIdentifier>{86584ae2-c4a6-41db-8bb3-2b574e52da27}</UniqueIdentifier>
      <Extensions>cpp;c;cxx;rc;def;r;odl;idl;hpj;bat</Extensions>
    </Filter>
    <Filter Include="Header Files">
      <UniqueIdentifier>{4e5b3e53-d9f9-40e4-b7d7-7703f9fdadd9}</UniqueIdentifier>
      <Extensions>h;hpp;hxx;hm;inl</Extensions>
    </Filter>
  </ItemGroup>
  <ItemGroup>
    <ClCompile Include="..\fft\faip.c">
      <Filter>Source Files</Filter>
    </ClCompile>
    <ClCompile Include="..\fft\fastc.c">
      <Filter>Source Files</Filter>
    </ClCompile>
    <ClCompile Include="..\fft\fasubs.c">
      <Filter>Source Files</Filter>
    </ClCompile>
    <ClCompile Include="..\fft\fsip.c">
      <Filter>Source Files</Filter>
    </ClCompile>
    <ClCompile Include="..\fft\fsstc.c">
      <Filter>Source Files</Filter>
    </ClCompile>
    <ClCompile Include="..\fft\fssubs.c">
      <Filter>Source Files</Filter>
    </ClCompile>
    <ClCompile Include="..\fft\unic.c">
      <Filter>Source Files</Filter>
    </ClCompile>
  </ItemGroup>
  <ItemGroup>
    <ClInclude Include="..\fft\fftlib.h">
      <Filter>Header Files</Filter>
    </ClInclude>
  </ItemGroup>
</Project>