<?xml version="1.0" encoding="utf-8"?>
<Project ToolsVersion="4.0" xmlns="http://schemas.microsoft.com/developer/msbuild/2003">
  <ItemGroup>
    <Filter Include="Source Files">
      <UniqueIdentifier>{dfd253ea-3d4a-412c-9e55-cd4657506c15}</UniqueIdentifier>
      <Extensions>cpp;c;cxx;rc;def;r;odl;idl;hpj;bat</Extensions>
    </Filter>
    <Filter Include="Header Files">
      <UniqueIdentifier>{65f563b7-a18e-4da0-8c36-c364a82cb6f4}</UniqueIdentifier>
      <Extensions>h;hpp;hxx;hm;inl</Extensions>
    </Filter>
  </ItemGroup>
  <ItemGroup>
    <ClCompile Include="..\tok\tclose.c">
      <Filter>Source Files</Filter>
    </ClCompile>
    <ClCompile Include="..\tok\tcreat.c">
      <Filter>Source Files</Filter>
    </ClCompile>
    <ClCompile Include="..\tok\tinit.c">
      <Filter>Source Files</Filter>
    </ClCompile>
    <ClCompile Include="..\tok\topen.c">
      <Filter>Source Files</Filter>
    </ClCompile>
    <ClCompile Include="..\tok\tread.c">
      <Filter>Source Files</Filter>
    </ClCompile>
    <ClCompile Include="..\tok\twrite.c">
      <Filter>Source Files</Filter>
    </ClCompile>
  </ItemGroup>
  <ItemGroup>
    <ClInclude Include="..\tok\token.h">
      <Filter>Header Files</Filter>
    </ClInclude>
    <ClInclude Include="..\tok\tokio.h">
      <Filter>Header Files</Filter>
    </ClInclude>
  </ItemGroup>
</Project>