<?xml version="1.0" encoding="utf-8"?>
<Project ToolsVersion="4.0" xmlns="http://schemas.microsoft.com/developer/msbuild/2003">
  <ItemGroup>
    <Filter Include="Source Files">
      <UniqueIdentifier>{6d566ccb-5d95-4281-a275-989fde5acd94}</UniqueIdentifier>
      <Extensions>cpp;c;cxx;rc;def;r;odl;idl;hpj;bat</Extensions>
    </Filter>
    <Filter Include="Header Files">
      <UniqueIdentifier>{e8779861-6307-400b-abd8-785334258d18}</UniqueIdentifier>
      <Extensions>h;hpp;hxx;hm;inl</Extensions>
    </Filter>
  </ItemGroup>
  <ItemGroup>
    <ClCompile Include="..\util\genfn.c">
      <Filter>Source Files</Filter>
    </ClCompile>
    <ClCompile Include="..\util\hf.c">
      <Filter>Source Files</Filter>
    </ClCompile>
    <ClCompile Include="..\util\newext.c">
      <Filter>Source Files</Filter>
    </ClCompile>
    <ClCompile Include="..\util\nint.c">
      <Filter>Source Files</Filter>
    </ClCompile>
    <ClCompile Include="..\util\rdils.c">
      <Filter>Source Files</Filter>
    </ClCompile>
    <ClCompile Include="..\util\sfile.c">
      <Filter>Source Files</Filter>
    </ClCompile>
  </ItemGroup>
  <ItemGroup>
    <ClInclude Include="..\util\util.h">
      <Filter>Header Files</Filter>
    </ClInclude>
  </ItemGroup>
</Project>