<?xml version="1.0" encoding="utf-8"?>
<Project ToolsVersion="4.0" xmlns="http://schemas.microsoft.com/developer/msbuild/2003">
  <ItemGroup>
    <Filter Include="Source Files">
      <UniqueIdentifier>{3f1efaa1-48e9-4e1d-b759-73e6e30c377d}</UniqueIdentifier>
      <Extensions>cpp;c;cxx;rc;def;r;odl;idl;hpj;bat</Extensions>
    </Filter>
    <Filter Include="Header Files">
      <UniqueIdentifier>{df596fd2-3c63-491c-a23c-1a0030dbecd5}</UniqueIdentifier>
      <Extensions>h;hpp;hxx;hm;inl</Extensions>
    </Filter>
    <Filter Include="Resource Files">
      <UniqueIdentifier>{5cb3e4bb-7355-4718-9120-cc7995ff083f}</UniqueIdentifier>
      <Extensions>ico;cur;bmp;dlg;rc2;rct;bin;rgs;gif;jpg;jpeg;jpe</Extensions>
    </Filter>
  </ItemGroup>
  <ItemGroup>
    <ClCompile Include="..\emav\calfile.c">
      <Filter>Source Files</Filter>
    </ClCompile>
    <ClCompile Include="..\emav\disadbuf.c">
      <Filter>Source Files</Filter>
    </ClCompile>
    <ClCompile Include="..\emav\dofft.c">
      <Filter>Source Files</Filter>
    </ClCompile>
    <ClCompile Include="..\emav\dpoae_w.c">
      <Filter>Source Files</Filter>
    </ClCompile>
    <ClCompile Include="..\emav\emav.c">
      <Filter>Source Files</Filter>
    </ClCompile>
    <ClCompile Include="..\emav\event.c">
      <Filter>Source Files</Filter>
    </ClCompile>
    <ClCompile Include="..\emav\file.c">
      <Filter>Source Files</Filter>
    </ClCompile>
    <ClCompile Include="..\emav\infowind.c">
      <Filter>Source Files</Filter>
    </ClCompile>
    <ClCompile Include="..\emav\naverage.c">
      <Filter>Source Files</Filter>
    </ClCompile>
    <ClCompile Include="..\emav\param.c">
      <Filter>Source Files</Filter>
    </ClCompile>
    <ClCompile Include="..\emav\probe_w.c">
      <Filter>Source Files</Filter>
    </ClCompile>
    <ClCompile Include="..\emav\rdwrdram.c">
      <Filter>Source Files</Filter>
    </ClCompile>
    <ClCompile Include="..\emav\repro.c">
      <Filter>Source Files</Filter>
    </ClCompile>
    <ClCompile Include="..\emav\savage.c">
      <Filter>Source Files</Filter>
    </ClCompile>
    <ClCompile Include="..\emav\screen.c">
      <Filter>Source Files</Filter>
    </ClCompile>
    <ClCompile Include="..\emav\sfextr.c">
      <Filter>Source Files</Filter>
    </ClCompile>
    <ClCompile Include="..\emav\showdp.c">
      <Filter>Source Files</Filter>
    </ClCompile>
    <ClCompile Include="..\emav\simp.c">
      <Filter>Source Files</Filter>
    </ClCompile>
    <ClCompile Include="..\emav\teoae_w.c">
      <Filter>Source Files</Filter>
    </ClCompile>
    <ClCompile Include="..\emav\tone_w.c">
      <Filter>Source Files</Filter>
    </ClCompile>
    <ClCompile Include="..\emav\view.c">
      <Filter>Source Files</Filter>
    </ClCompile>
    <ClCompile Include="..\emav\wind.c">
      <Filter>Source Files</Filter>
    </ClCompile>
  </ItemGroup>
  <ItemGroup>
    <ResourceCompile Include="..\emav\emav.rc">
      <Filter>Source Files</Filter>
    </ResourceCompile>
  </ItemGroup>
  <ItemGroup>
    <ClInclude Include="..\emav\color.h">
      <Filter>Header Files</Filter>
    </ClInclude>
    <ClInclude Include="..\emav\emav.h">
      <Filter>Header Files</Filter>
    </ClInclude>
    <ClInclude Include="..\emav\fk.h">
      <Filter>Header Files</Filter>
    </ClInclude>
    <ClInclude Include="..\emav\savage.h">
      <Filter>Header Files</Filter>
    </ClInclude>
    <ClInclude Include="..\emav\screen.h">
      <Filter>Header Files</Filter>
    </ClInclude>
    <ClInclude Include="..\emav\version.h">
      <Filter>Header Files</Filter>
    </ClInclude>
  </ItemGroup>
  <ItemGroup>
    <Image Include="..\emav\emav.ico">
      <Filter>Resource Files</Filter>
    </Image>
  </ItemGroup>
</Project>