<?xml version="1.0" encoding="utf-8"?>
<Project ToolsVersion="4.0" xmlns="http://schemas.microsoft.com/developer/msbuild/2003">
  <ItemGroup>
    <Filter Include="Source Files">
      <UniqueIdentifier>{464cdbdb-93f7-47c5-b169-c64a3216613f}</UniqueIdentifier>
      <Extensions>cpp;c;cxx;rc;def;r;odl;idl;hpj;bat</Extensions>
    </Filter>
    <Filter Include="Header Files">
      <UniqueIdentifier>{2f95021e-6c29-44dd-9297-6236d7eef449}</UniqueIdentifier>
      <Extensions>h;hpp;hxx;hm;inl</Extensions>
    </Filter>
    <Filter Include="Resource Files">
      <UniqueIdentifier>{f6ca75e1-98e8-40fa-a20b-1d10e539e11c}</UniqueIdentifier>
      <Extensions>ico;cur;bmp;dlg;rc2;rct;bin;rgs;gif;jpg;jpeg;jpe</Extensions>
    </Filter>
  </ItemGroup>
  <ItemGroup>
    <ClCompile Include="..\putt\button.c">
      <Filter>Source Files</Filter>
    </ClCompile>
    <ClCompile Include="..\putt\calfile.c">
      <Filter>Source Files</Filter>
    </ClCompile>
    <ClCompile Include="..\putt\calibr.c">
      <Filter>Source Files</Filter>
    </ClCompile>
    <ClCompile Include="..\putt\chkfit.c">
      <Filter>Source Files</Filter>
    </ClCompile>
    <ClCompile Include="..\putt\disadbuf.c">
      <Filter>Source Files</Filter>
    </ClCompile>
    <ClCompile Include="..\putt\dofft.c">
      <Filter>Source Files</Filter>
    </ClCompile>
    <ClCompile Include="..\putt\event.c">
      <Filter>Source Files</Filter>
    </ClCompile>
    <ClCompile Include="..\putt\file.c">
      <Filter>Source Files</Filter>
    </ClCompile>
    <ClCompile Include="..\putt\hear_w.c">
      <Filter>Source Files</Filter>
    </ClCompile>
    <ClCompile Include="..\putt\infowind.c">
      <Filter>Source Files</Filter>
    </ClCompile>
    <ClCompile Include="..\putt\mlmeer.c">
      <Filter>Source Files</Filter>
    </ClCompile>
    <ClCompile Include="..\putt\naverage.c">
      <Filter>Source Files</Filter>
    </ClCompile>
    <ClCompile Include="..\putt\probe_w.c">
      <Filter>Source Files</Filter>
    </ClCompile>
    <ClCompile Include="..\putt\putt.c">
      <Filter>Source Files</Filter>
    </ClCompile>
    <ClCompile Include="..\putt\rdwrdram.c">
      <Filter>Source Files</Filter>
    </ClCompile>
    <ClCompile Include="..\putt\savage.c">
      <Filter>Source Files</Filter>
    </ClCompile>
    <ClCompile Include="..\putt\screen.c">
      <Filter>Source Files</Filter>
    </ClCompile>
    <ClCompile Include="..\putt\setatt.c">
      <Filter>Source Files</Filter>
    </ClCompile>
    <ClCompile Include="..\putt\simp.c">
      <Filter>Source Files</Filter>
    </ClCompile>
    <ClCompile Include="..\putt\tone_w.c">
      <Filter>Source Files</Filter>
    </ClCompile>
  </ItemGroup>
  <ItemGroup>
    <ResourceCompile Include="..\putt\putt.rc">
      <Filter>Source Files</Filter>
    </ResourceCompile>
  </ItemGroup>
  <ItemGroup>
    <ClInclude Include="..\putt\color.h">
      <Filter>Header Files</Filter>
    </ClInclude>
    <ClInclude Include="..\putt\putt.h">
      <Filter>Header Files</Filter>
    </ClInclude>
    <ClInclude Include="..\putt\savage.h">
      <Filter>Header Files</Filter>
    </ClInclude>
    <ClInclude Include="..\putt\screen.h">
      <Filter>Header Files</Filter>
    </ClInclude>
    <ClInclude Include="..\putt\version.h">
      <Filter>Header Files</Filter>
    </ClInclude>
  </ItemGroup>
  <ItemGroup>
    <Image Include="..\putt\putt.ico">
      <Filter>Resource Files</Filter>
    </Image>
  </ItemGroup>
</Project>